
Microsoft Visual Studio Solution File, Format Version 12.00
# Visual Studio Version 17
VisualStudioVersion = 17.7.34202.233
MinimumVisualStudioVersion = 10.0.40219.1
Project("{9A19103F-16F7-4668-BE54-9A1E7A4F7556}") = "Terminal", "Terminal\Terminal.csproj", "{57A66C13-95D1-4778-A362-DC27FA63AC52}"
EndProject
Project("{9A19103F-16F7-4668-BE54-9A1E7A4F7556}") = "DataLogger", "DataLogger\DataLogger.csproj", "{33535650-8F8A-49D5-82DA-FFB0C0A94712}"
EndProject
Project("{FAE04EC0-301F-11D3-BF4B-00C04F79EFBC}") = "DataLogger2", "DataLogger2\DataLogger2.csproj", "{25EFA9E9-9F50-475E-9D42-7F193C95CE1B}"
EndProject
Global
	GlobalSection(SolutionConfigurationPlatforms) = preSolution
		Debug|Any CPU = Debug|Any CPU
		Release|Any CPU = Release|Any CPU
	EndGlobalSection
	GlobalSection(ProjectConfigurationPlatforms) = postSolution
		{57A66C13-95D1-4778-A362-DC27FA63AC52}.Debug|Any CPU.ActiveCfg = Debug|Any CPU
		{57A66C13-95D1-4778-A362-DC27FA63AC52}.Debug|Any CPU.Build.0 = Debug|Any CPU
		{57A66C13-95D1-4778-A362-DC27FA63AC52}.Release|Any CPU.ActiveCfg = Release|Any CPU
		{57A66C13-95D1-4778-A362-DC27FA63AC52}.Release|Any CPU.Build.0 = Release|Any CPU
		{33535650-8F8A-49D5-82DA-FFB0C0A94712}.Debug|Any CPU.ActiveCfg = Debug|Any CPU
		{33535650-8F8A-49D5-82DA-FFB0C0A94712}.Debug|Any CPU.Build.0 = Debug|Any CPU
		{33535650-8F8A-49D5-82DA-FFB0C0A94712}.Release|Any CPU.ActiveCfg = Release|Any CPU
		{33535650-8F8A-49D5-82DA-FFB0C0A94712}.Release|Any CPU.Build.0 = Release|Any CPU
		{25EFA9E9-9F50-475E-9D42-7F193C95CE1B}.Debug|Any CPU.ActiveCfg = Debug|Any CPU
		{25EFA9E9-9F50-475E-9D42-7F193C95CE1B}.Debug|Any CPU.Build.0 = Debug|Any CPU
		{25EFA9E9-9F50-475E-9D42-7F193C95CE1B}.Release|Any CPU.ActiveCfg = Release|Any CPU
		{25EFA9E9-9F50-475E-9D42-7F193C95CE1B}.Release|Any CPU.Build.0 = Release|Any CPU
	EndGlobalSection
	GlobalSection(SolutionProperties) = preSolution
		HideSolutionNode = FALSE
	EndGlobalSection
	GlobalSection(ExtensibilityGlobals) = postSolution
		SolutionGuid = {EFEF80E9-9DE4-4158-BA8F-E1D61148B3BE}
	EndGlobalSection
EndGlobal
